
Microsoft Visual Studio Solution File, Format Version 12.00
# Visual Studio Version 17
VisualStudioVersion = 17.7.34302.85
MinimumVisualStudioVersion = 10.0.40219.1
Project("{FAE04EC0-301F-11D3-BF4B-00C04F79EFBC}") = "CSharpConsole.Net_1", "CSharpConsole.Net_1\CSharpConsole.Net_1.csproj", "{04E1FB45-A68C-4EB4-B97E-466BBDE02BE8}"
EndProject
Global
	GlobalSection(SolutionConfigurationPlatforms) = preSolution
		Debug|Any CPU = Debug|Any CPU
		Release|Any CPU = Release|Any CPU
	EndGlobalSection
	GlobalSection(ProjectConfigurationPlatforms) = postSolution
		{04E1FB45-A68C-4EB4-B97E-466BBDE02BE8}.Debug|Any CPU.ActiveCfg = Debug|Any CPU
		{04E1FB45-A68C-4EB4-B97E-466BBDE02BE8}.Debug|Any CPU.Build.0 = Debug|Any CPU
		{04E1FB45-A68C-4EB4-B97E-466BBDE02BE8}.Release|Any CPU.ActiveCfg = Release|Any CPU
		{04E1FB45-A68C-4EB4-B97E-466BBDE02BE8}.Release|Any CPU.Build.0 = Release|Any CPU
	EndGlobalSection
	GlobalSection(SolutionProperties) = preSolution
		HideSolutionNode = FALSE
	EndGlobalSection
	GlobalSection(ExtensibilityGlobals) = postSolution
		SolutionGuid = {B470D572-9E24-4FEC-82D2-56EE0472167B}
	EndGlobalSection
EndGlobal
